version = 1
revision = 3
requires-python = ">=3.12"

[[package]]
name = "cupy-cuda12x"
version = "13.6.0"
source = { registry = "https://pypi.org/simple" }
dependencies = [
    { name = "fastrlock" },
    { name = "numpy" },
]
wheels = [
    { url = "https://files.pythonhosted.org/packages/12/c5/7e7fc4816d0de0154e5d9053242c3a08a0ca8b43ee656a6f7b3b95055a7b/cupy_cuda12x-13.6.0-cp312-cp312-manylinux2014_aarch64.whl", hash = "sha256:a6970ceefe40f9acbede41d7fe17416bd277b1bd2093adcde457b23b578c5a59", size = 127334633, upload-time = "2025-08-18T08:24:43.065Z" },
    { url = "https://files.pythonhosted.org/packages/e0/95/d7e1295141e7d530674a3cc567e13ed0eb6b81524cb122d797ed996b5bea/cupy_cuda12x-13.6.0-cp312-cp312-manylinux2014_x86_64.whl", hash = "sha256:79b0cacb5e8b190ef409f9e03f06ac8de1b021b0c0dda47674d446f5557e0eb1", size = 112886268, upload-time = "2025-08-18T08:24:49.294Z" },
    { url = "https://files.pythonhosted.org/packages/ae/8c/14555b63fd78cfac7b88af0094cea0a3cb845d243661ec7da69f7b3ea0de/cupy_cuda12x-13.6.0-cp312-cp312-win_amd64.whl", hash = "sha256:ca06fede7b8b83ca9ad80062544ef2e5bb8d4762d1c4fc3ac8349376de9c8a5e", size = 89785108, upload-time = "2025-08-18T08:24:54.527Z" },
    { url = "https://files.pythonhosted.org/packages/19/ec/f62cb991f11fb41291c4c15b6936d7b67ffa71ddb344ad6e8894e06ce58d/cupy_cuda12x-13.6.0-cp313-cp313-manylinux2014_aarch64.whl", hash = "sha256:e5426ae3b1b9cf59927481e457a89e3f0b50a35b114a8034ec9110e7a833434c", size = 126904601, upload-time = "2025-08-18T08:24:59.951Z" },
    { url = "https://files.pythonhosted.org/packages/f8/b8/30127bcdac53a25f94ee201bf4802fcd8d012145567d77c54174d6d01c01/cupy_cuda12x-13.6.0-cp313-cp313-manylinux2014_x86_64.whl", hash = "sha256:52d9e7f83d920da7d81ec2e791c2c2c747fdaa1d7b811971b34865ce6371e98a", size = 112654824, upload-time = "2025-08-18T08:25:05.944Z" },
    { url = "https://files.pythonhosted.org/packages/72/36/c9e24acb19f039f814faea880b3704a3661edaa6739456b73b27540663e3/cupy_cuda12x-13.6.0-cp313-cp313-win_amd64.whl", hash = "sha256:297b4268f839de67ef7865c2202d3f5a0fb8d20bd43360bc51b6e60cb4406447", size = 89750580, upload-time = "2025-08-18T08:25:10.972Z" },
]

[[package]]
name = "fastrlock"
version = "0.8.3"
source = { registry = "https://pypi.org/simple" }
sdist = { url = "https://files.pythonhosted.org/packages/73/b1/1c3d635d955f2b4bf34d45abf8f35492e04dbd7804e94ce65d9f928ef3ec/fastrlock-0.8.3.tar.gz", hash = "sha256:4af6734d92eaa3ab4373e6c9a1dd0d5ad1304e172b1521733c6c3b3d73c8fa5d", size = 79327, upload-time = "2024-12-17T11:03:39.638Z" }
wheels = [
    { url = "https://files.pythonhosted.org/packages/00/df/56270f2e10c1428855c990e7a7e5baafa9e1262b8e789200bd1d047eb501/fastrlock-0.8.3-cp312-cp312-macosx_11_0_universal2.whl", hash = "sha256:8cb2cf04352ea8575d496f31b3b88c42c7976e8e58cdd7d1550dfba80ca039da", size = 55727, upload-time = "2024-12-17T11:02:17.26Z" },
    { url = "https://files.pythonhosted.org/packages/57/21/ea1511b0ef0d5457efca3bf1823effb9c5cad4fc9dca86ce08e4d65330ce/fastrlock-0.8.3-cp312-cp312-manylinux_2_17_aarch64.manylinux2014_aarch64.manylinux_2_28_aarch64.whl", hash = "sha256:85a49a1f1e020097d087e1963e42cea6f307897d5ebe2cb6daf4af47ffdd3eed", size = 52201, upload-time = "2024-12-17T11:02:19.512Z" },
    { url = "https://files.pythonhosted.org/packages/80/07/cdecb7aa976f34328372f1c4efd6c9dc1b039b3cc8d3f38787d640009a25/fastrlock-0.8.3-cp312-cp312-manylinux_2_5_x86_64.manylinux1_x86_64.manylinux_2_28_x86_64.whl", hash = "sha256:5f13ec08f1adb1aa916c384b05ecb7dbebb8df9ea81abd045f60941c6283a670", size = 53924, upload-time = "2024-12-17T11:02:20.85Z" },
    { url = "https://files.pythonhosted.org/packages/88/6d/59c497f8db9a125066dd3a7442fab6aecbe90d6fec344c54645eaf311666/fastrlock-0.8.3-cp312-cp312-musllinux_1_1_aarch64.whl", hash = "sha256:0ea4e53a04980d646def0f5e4b5e8bd8c7884288464acab0b37ca0c65c482bfe", size = 52140, upload-time = "2024-12-17T11:02:22.263Z" },
    { url = "https://files.pythonhosted.org/packages/62/04/9138943c2ee803d62a48a3c17b69de2f6fa27677a6896c300369e839a550/fastrlock-0.8.3-cp312-cp312-musllinux_1_1_x86_64.whl", hash = "sha256:38340f6635bd4ee2a4fb02a3a725759fe921f2ca846cb9ca44531ba739cc17b4", size = 53261, upload-time = "2024-12-17T11:02:24.418Z" },
    { url = "https://files.pythonhosted.org/packages/e2/4b/db35a52589764c7745a613b6943bbd018f128d42177ab92ee7dde88444f6/fastrlock-0.8.3-cp312-cp312-win_amd64.whl", hash = "sha256:da06d43e1625e2ffddd303edcd6d2cd068e1c486f5fd0102b3f079c44eb13e2c", size = 31235, upload-time = "2024-12-17T11:02:25.708Z" },
    { url = "https://files.pythonhosted.org/packages/92/74/7b13d836c3f221cff69d6f418f46c2a30c4b1fe09a8ce7db02eecb593185/fastrlock-0.8.3-cp313-cp313-macosx_11_0_universal2.whl", hash = "sha256:5264088185ca8e6bc83181dff521eee94d078c269c7d557cc8d9ed5952b7be45", size = 54157, upload-time = "2024-12-17T11:02:29.196Z" },
    { url = "https://files.pythonhosted.org/packages/06/77/f06a907f9a07d26d0cca24a4385944cfe70d549a2c9f1c3e3217332f4f12/fastrlock-0.8.3-cp313-cp313-manylinux_2_17_aarch64.manylinux2014_aarch64.manylinux_2_28_aarch64.whl", hash = "sha256:4a98ba46b3e14927550c4baa36b752d0d2f7387b8534864a8767f83cce75c160", size = 50954, upload-time = "2024-12-17T11:02:32.12Z" },
    { url = "https://files.pythonhosted.org/packages/f9/4e/94480fb3fd93991dd6f4e658b77698edc343f57caa2870d77b38c89c2e3b/fastrlock-0.8.3-cp313-cp313-manylinux_2_5_x86_64.manylinux1_x86_64.manylinux_2_28_x86_64.whl", hash = "sha256:dbdea6deeccea1917c6017d353987231c4e46c93d5338ca3e66d6cd88fbce259", size = 52535, upload-time = "2024-12-17T11:02:33.402Z" },
    { url = "https://files.pythonhosted.org/packages/7d/a7/ee82bb55b6c0ca30286dac1e19ee9417a17d2d1de3b13bb0f20cefb86086/fastrlock-0.8.3-cp313-cp313-musllinux_1_1_aarch64.whl", hash = "sha256:c6e5bfecbc0d72ff07e43fed81671747914d6794e0926700677ed26d894d4f4f", size = 50942, upload-time = "2024-12-17T11:02:34.688Z" },
    { url = "https://files.pythonhosted.org/packages/63/1d/d4b7782ef59e57dd9dde69468cc245adafc3674281905e42fa98aac30a79/fastrlock-0.8.3-cp313-cp313-musllinux_1_1_x86_64.whl", hash = "sha256:2a83d558470c520ed21462d304e77a12639859b205759221c8144dd2896b958a", size = 52044, upload-time = "2024-12-17T11:02:36.613Z" },
    { url = "https://files.pythonhosted.org/packages/28/a3/2ad0a0a69662fd4cf556ab8074f0de978ee9b56bff6ddb4e656df4aa9e8e/fastrlock-0.8.3-cp313-cp313-win_amd64.whl", hash = "sha256:8d1d6a28291b4ace2a66bd7b49a9ed9c762467617febdd9ab356b867ed901af8", size = 30472, upload-time = "2024-12-17T11:02:37.983Z" },
]

[[package]]
name = "huetuber"
version = "0.1.0"
source = { virtual = "." }
dependencies = [
    { name = "cupy-cuda12x" },
]

[package.dev-dependencies]
dev = [
    { name = "prek" },
]

[package.metadata]
requires-dist = [{ name = "cupy-cuda12x", specifier = ">=13.6.0" }]

[package.metadata.requires-dev]
dev = [{ name = "prek", specifier = ">=0.1.6" }]

[[package]]
name = "numpy"
version = "2.3.3"
source = { registry = "https://pypi.org/simple" }
sdist = { url = "https://files.pythonhosted.org/packages/d0/19/95b3d357407220ed24c139018d2518fab0a61a948e68286a25f1a4d049ff/numpy-2.3.3.tar.gz", hash = "sha256:ddc7c39727ba62b80dfdbedf400d1c10ddfa8eefbd7ec8dcb118be8b56d31029", size = 20576648, upload-time = "2025-09-09T16:54:12.543Z" }
wheels = [
    { url = "https://files.pythonhosted.org/packages/51/5d/bb7fc075b762c96329147799e1bcc9176ab07ca6375ea976c475482ad5b3/numpy-2.3.3-cp312-cp312-macosx_10_13_x86_64.whl", hash = "sha256:cfdd09f9c84a1a934cde1eec2267f0a43a7cd44b2cca4ff95b7c0d14d144b0bf", size = 20957014, upload-time = "2025-09-09T15:56:29.966Z" },
    { url = "https://files.pythonhosted.org/packages/6b/0e/c6211bb92af26517acd52125a237a92afe9c3124c6a68d3b9f81b62a0568/numpy-2.3.3-cp312-cp312-macosx_11_0_arm64.whl", hash = "sha256:cb32e3cf0f762aee47ad1ddc6672988f7f27045b0783c887190545baba73aa25", size = 14185220, upload-time = "2025-09-09T15:56:32.175Z" },
    { url = "https://files.pythonhosted.org/packages/22/f2/07bb754eb2ede9073f4054f7c0286b0d9d2e23982e090a80d478b26d35ca/numpy-2.3.3-cp312-cp312-macosx_14_0_arm64.whl", hash = "sha256:396b254daeb0a57b1fe0ecb5e3cff6fa79a380fa97c8f7781a6d08cd429418fe", size = 5113918, upload-time = "2025-09-09T15:56:34.175Z" },
    { url = "https://files.pythonhosted.org/packages/81/0a/afa51697e9fb74642f231ea36aca80fa17c8fb89f7a82abd5174023c3960/numpy-2.3.3-cp312-cp312-macosx_14_0_x86_64.whl", hash = "sha256:067e3d7159a5d8f8a0b46ee11148fc35ca9b21f61e3c49fbd0a027450e65a33b", size = 6647922, upload-time = "2025-09-09T15:56:36.149Z" },
    { url = "https://files.pythonhosted.org/packages/5d/f5/122d9cdb3f51c520d150fef6e87df9279e33d19a9611a87c0d2cf78a89f4/numpy-2.3.3-cp312-cp312-manylinux_2_27_aarch64.manylinux_2_28_aarch64.whl", hash = "sha256:1c02d0629d25d426585fb2e45a66154081b9fa677bc92a881ff1d216bc9919a8", size = 14281991, upload-time = "2025-09-09T15:56:40.548Z" },
    { url = "https://files.pythonhosted.org/packages/51/64/7de3c91e821a2debf77c92962ea3fe6ac2bc45d0778c1cbe15d4fce2fd94/numpy-2.3.3-cp312-cp312-manylinux_2_27_x86_64.manylinux_2_28_x86_64.whl", hash = "sha256:d9192da52b9745f7f0766531dcfa978b7763916f158bb63bdb8a1eca0068ab20", size = 16641643, upload-time = "2025-09-09T15:56:43.343Z" },
    { url = "https://files.pythonhosted.org/packages/30/e4/961a5fa681502cd0d68907818b69f67542695b74e3ceaa513918103b7e80/numpy-2.3.3-cp312-cp312-musllinux_1_2_aarch64.whl", hash = "sha256:cd7de500a5b66319db419dc3c345244404a164beae0d0937283b907d8152e6ea", size = 16056787, upload-time = "2025-09-09T15:56:46.141Z" },
    { url = "https://files.pythonhosted.org/packages/99/26/92c912b966e47fbbdf2ad556cb17e3a3088e2e1292b9833be1dfa5361a1a/numpy-2.3.3-cp312-cp312-musllinux_1_2_x86_64.whl", hash = "sha256:93d4962d8f82af58f0b2eb85daaf1b3ca23fe0a85d0be8f1f2b7bb46034e56d7", size = 18579598, upload-time = "2025-09-09T15:56:49.844Z" },
    { url = "https://files.pythonhosted.org/packages/17/b6/fc8f82cb3520768718834f310c37d96380d9dc61bfdaf05fe5c0b7653e01/numpy-2.3.3-cp312-cp312-win32.whl", hash = "sha256:5534ed6b92f9b7dca6c0a19d6df12d41c68b991cef051d108f6dbff3babc4ebf", size = 6320800, upload-time = "2025-09-09T15:56:52.499Z" },
    { url = "https://files.pythonhosted.org/packages/32/ee/de999f2625b80d043d6d2d628c07d0d5555a677a3cf78fdf868d409b8766/numpy-2.3.3-cp312-cp312-win_amd64.whl", hash = "sha256:497d7cad08e7092dba36e3d296fe4c97708c93daf26643a1ae4b03f6294d30eb", size = 12786615, upload-time = "2025-09-09T15:56:54.422Z" },
    { url = "https://files.pythonhosted.org/packages/49/6e/b479032f8a43559c383acb20816644f5f91c88f633d9271ee84f3b3a996c/numpy-2.3.3-cp312-cp312-win_arm64.whl", hash = "sha256:ca0309a18d4dfea6fc6262a66d06c26cfe4640c3926ceec90e57791a82b6eee5", size = 10195936, upload-time = "2025-09-09T15:56:56.541Z" },
    { url = "https://files.pythonhosted.org/packages/7d/b9/984c2b1ee61a8b803bf63582b4ac4242cf76e2dbd663efeafcb620cc0ccb/numpy-2.3.3-cp313-cp313-macosx_10_13_x86_64.whl", hash = "sha256:f5415fb78995644253370985342cd03572ef8620b934da27d77377a2285955bf", size = 20949588, upload-time = "2025-09-09T15:56:59.087Z" },
    { url = "https://files.pythonhosted.org/packages/a6/e4/07970e3bed0b1384d22af1e9912527ecbeb47d3b26e9b6a3bced068b3bea/numpy-2.3.3-cp313-cp313-macosx_11_0_arm64.whl", hash = "sha256:d00de139a3324e26ed5b95870ce63be7ec7352171bc69a4cf1f157a48e3eb6b7", size = 14177802, upload-time = "2025-09-09T15:57:01.73Z" },
    { url = "https://files.pythonhosted.org/packages/35/c7/477a83887f9de61f1203bad89cf208b7c19cc9fef0cebef65d5a1a0619f2/numpy-2.3.3-cp313-cp313-macosx_14_0_arm64.whl", hash = "sha256:9dc13c6a5829610cc07422bc74d3ac083bd8323f14e2827d992f9e52e22cd6a6", size = 5106537, upload-time = "2025-09-09T15:57:03.765Z" },
    { url = "https://files.pythonhosted.org/packages/52/47/93b953bd5866a6f6986344d045a207d3f1cfbad99db29f534ea9cee5108c/numpy-2.3.3-cp313-cp313-macosx_14_0_x86_64.whl", hash = "sha256:d79715d95f1894771eb4e60fb23f065663b2298f7d22945d66877aadf33d00c7", size = 6640743, upload-time = "2025-09-09T15:57:07.921Z" },
    { url = "https://files.pythonhosted.org/packages/23/83/377f84aaeb800b64c0ef4de58b08769e782edcefa4fea712910b6f0afd3c/numpy-2.3.3-cp313-cp313-manylinux_2_27_aarch64.manylinux_2_28_aarch64.whl", hash = "sha256:952cfd0748514ea7c3afc729a0fc639e61655ce4c55ab9acfab14bda4f402b4c", size = 14278881, upload-time = "2025-09-09T15:57:11.349Z" },
    { url = "https://files.pythonhosted.org/packages/9a/a5/bf3db6e66c4b160d6ea10b534c381a1955dfab34cb1017ea93aa33c70ed3/numpy-2.3.3-cp313-cp313-manylinux_2_27_x86_64.manylinux_2_28_x86_64.whl", hash = "sha256:5b83648633d46f77039c29078751f80da65aa64d5622a3cd62aaef9d835b6c93", size = 16636301, upload-time = "2025-09-09T15:57:14.245Z" },
    { url = "https://files.pythonhosted.org/packages/a2/59/1287924242eb4fa3f9b3a2c30400f2e17eb2707020d1c5e3086fe7330717/numpy-2.3.3-cp313-cp313-musllinux_1_2_aarch64.whl", hash = "sha256:b001bae8cea1c7dfdb2ae2b017ed0a6f2102d7a70059df1e338e307a4c78a8ae", size = 16053645, upload-time = "2025-09-09T15:57:16.534Z" },
    { url = "https://files.pythonhosted.org/packages/e6/93/b3d47ed882027c35e94ac2320c37e452a549f582a5e801f2d34b56973c97/numpy-2.3.3-cp313-cp313-musllinux_1_2_x86_64.whl", hash = "sha256:8e9aced64054739037d42fb84c54dd38b81ee238816c948c8f3ed134665dcd86", size = 18578179, upload-time = "2025-09-09T15:57:18.883Z" },
    { url = "https://files.pythonhosted.org/packages/20/d9/487a2bccbf7cc9d4bfc5f0f197761a5ef27ba870f1e3bbb9afc4bbe3fcc2/numpy-2.3.3-cp313-cp313-win32.whl", hash = "sha256:9591e1221db3f37751e6442850429b3aabf7026d3b05542d102944ca7f00c8a8", size = 6312250, upload-time = "2025-09-09T15:57:21.296Z" },
    { url = "https://files.pythonhosted.org/packages/1b/b5/263ebbbbcede85028f30047eab3d58028d7ebe389d6493fc95ae66c636ab/numpy-2.3.3-cp313-cp313-win_amd64.whl", hash = "sha256:f0dadeb302887f07431910f67a14d57209ed91130be0adea2f9793f1a4f817cf", size = 12783269, upload-time = "2025-09-09T15:57:23.034Z" },
    { url = "https://files.pythonhosted.org/packages/fa/75/67b8ca554bbeaaeb3fac2e8bce46967a5a06544c9108ec0cf5cece559b6c/numpy-2.3.3-cp313-cp313-win_arm64.whl", hash = "sha256:3c7cf302ac6e0b76a64c4aecf1a09e51abd9b01fc7feee80f6c43e3ab1b1dbc5", size = 10195314, upload-time = "2025-09-09T15:57:25.045Z" },
    { url = "https://files.pythonhosted.org/packages/11/d0/0d1ddec56b162042ddfafeeb293bac672de9b0cfd688383590090963720a/numpy-2.3.3-cp313-cp313t-macosx_10_13_x86_64.whl", hash = "sha256:eda59e44957d272846bb407aad19f89dc6f58fecf3504bd144f4c5cf81a7eacc", size = 21048025, upload-time = "2025-09-09T15:57:27.257Z" },
    { url = "https://files.pythonhosted.org/packages/36/9e/1996ca6b6d00415b6acbdd3c42f7f03ea256e2c3f158f80bd7436a8a19f3/numpy-2.3.3-cp313-cp313t-macosx_11_0_arm64.whl", hash = "sha256:823d04112bc85ef5c4fda73ba24e6096c8f869931405a80aa8b0e604510a26bc", size = 14301053, upload-time = "2025-09-09T15:57:30.077Z" },
    { url = "https://files.pythonhosted.org/packages/05/24/43da09aa764c68694b76e84b3d3f0c44cb7c18cdc1ba80e48b0ac1d2cd39/numpy-2.3.3-cp313-cp313t-macosx_14_0_arm64.whl", hash = "sha256:40051003e03db4041aa325da2a0971ba41cf65714e65d296397cc0e32de6018b", size = 5229444, upload-time = "2025-09-09T15:57:32.733Z" },
    { url = "https://files.pythonhosted.org/packages/bc/14/50ffb0f22f7218ef8af28dd089f79f68289a7a05a208db9a2c5dcbe123c1/numpy-2.3.3-cp313-cp313t-macosx_14_0_x86_64.whl", hash = "sha256:6ee9086235dd6ab7ae75aba5662f582a81ced49f0f1c6de4260a78d8f2d91a19", size = 6738039, upload-time = "2025-09-09T15:57:34.328Z" },
    { url = "https://files.pythonhosted.org/packages/55/52/af46ac0795e09657d45a7f4db961917314377edecf66db0e39fa7ab5c3d3/numpy-2.3.3-cp313-cp313t-manylinux_2_27_aarch64.manylinux_2_28_aarch64.whl", hash = "sha256:94fcaa68757c3e2e668ddadeaa86ab05499a70725811e582b6a9858dd472fb30", size = 14352314, upload-time = "2025-09-09T15:57:36.255Z" },
    { url = "https://files.pythonhosted.org/packages/a7/b1/dc226b4c90eb9f07a3fff95c2f0db3268e2e54e5cce97c4ac91518aee71b/numpy-2.3.3-cp313-cp313t-manylinux_2_27_x86_64.manylinux_2_28_x86_64.whl", hash = "sha256:da1a74b90e7483d6ce5244053399a614b1d6b7bc30a60d2f570e5071f8959d3e", size = 16701722, upload-time = "2025-09-09T15:57:38.622Z" },
    { url = "https://files.pythonhosted.org/packages/9d/9d/9d8d358f2eb5eced14dba99f110d83b5cd9a4460895230f3b396ad19a323/numpy-2.3.3-cp313-cp313t-musllinux_1_2_aarch64.whl", hash = "sha256:2990adf06d1ecee3b3dcbb4977dfab6e9f09807598d647f04d385d29e7a3c3d3", size = 16132755, upload-time = "2025-09-09T15:57:41.16Z" },
    { url = "https://files.pythonhosted.org/packages/b6/27/b3922660c45513f9377b3fb42240bec63f203c71416093476ec9aa0719dc/numpy-2.3.3-cp313-cp313t-musllinux_1_2_x86_64.whl", hash = "sha256:ed635ff692483b8e3f0fcaa8e7eb8a75ee71aa6d975388224f70821421800cea", size = 18651560, upload-time = "2025-09-09T15:57:43.459Z" },
    { url = "https://files.pythonhosted.org/packages/5b/8e/3ab61a730bdbbc201bb245a71102aa609f0008b9ed15255500a99cd7f780/numpy-2.3.3-cp313-cp313t-win32.whl", hash = "sha256:a333b4ed33d8dc2b373cc955ca57babc00cd6f9009991d9edc5ddbc1bac36bcd", size = 6442776, upload-time = "2025-09-09T15:57:45.793Z" },
    { url = "https://files.pythonhosted.org/packages/1c/3a/e22b766b11f6030dc2decdeff5c2fb1610768055603f9f3be88b6d192fb2/numpy-2.3.3-cp313-cp313t-win_amd64.whl", hash = "sha256:4384a169c4d8f97195980815d6fcad04933a7e1ab3b530921c3fef7a1c63426d", size = 12927281, upload-time = "2025-09-09T15:57:47.492Z" },
    { url = "https://files.pythonhosted.org/packages/7b/42/c2e2bc48c5e9b2a83423f99733950fbefd86f165b468a3d85d52b30bf782/numpy-2.3.3-cp313-cp313t-win_arm64.whl", hash = "sha256:75370986cc0bc66f4ce5110ad35aae6d182cc4ce6433c40ad151f53690130bf1", size = 10265275, upload-time = "2025-09-09T15:57:49.647Z" },
    { url = "https://files.pythonhosted.org/packages/6b/01/342ad585ad82419b99bcf7cebe99e61da6bedb89e213c5fd71acc467faee/numpy-2.3.3-cp314-cp314-macosx_10_13_x86_64.whl", hash = "sha256:cd052f1fa6a78dee696b58a914b7229ecfa41f0a6d96dc663c1220a55e137593", size = 20951527, upload-time = "2025-09-09T15:57:52.006Z" },
    { url = "https://files.pythonhosted.org/packages/ef/d8/204e0d73fc1b7a9ee80ab1fe1983dd33a4d64a4e30a05364b0208e9a241a/numpy-2.3.3-cp314-cp314-macosx_11_0_arm64.whl", hash = "sha256:414a97499480067d305fcac9716c29cf4d0d76db6ebf0bf3cbce666677f12652", size = 14186159, upload-time = "2025-09-09T15:57:54.407Z" },
    { url = "https://files.pythonhosted.org/packages/22/af/f11c916d08f3a18fb8ba81ab72b5b74a6e42ead4c2846d270eb19845bf74/numpy-2.3.3-cp314-cp314-macosx_14_0_arm64.whl", hash = "sha256:50a5fe69f135f88a2be9b6ca0481a68a136f6febe1916e4920e12f1a34e708a7", size = 5114624, upload-time = "2025-09-09T15:57:56.5Z" },
    { url = "https://files.pythonhosted.org/packages/fb/11/0ed919c8381ac9d2ffacd63fd1f0c34d27e99cab650f0eb6f110e6ae4858/numpy-2.3.3-cp314-cp314-macosx_14_0_x86_64.whl", hash = "sha256:b912f2ed2b67a129e6a601e9d93d4fa37bef67e54cac442a2f588a54afe5c67a", size = 6642627, upload-time = "2025-09-09T15:57:58.206Z" },
    { url = "https://files.pythonhosted.org/packages/ee/83/deb5f77cb0f7ba6cb52b91ed388b47f8f3c2e9930d4665c600408d9b90b9/numpy-2.3.3-cp314-cp314-manylinux_2_27_aarch64.manylinux_2_28_aarch64.whl", hash = "sha256:9e318ee0596d76d4cb3d78535dc005fa60e5ea348cd131a51e99d0bdbe0b54fe", size = 14296926, upload-time = "2025-09-09T15:58:00.035Z" },
    { url = "https://files.pythonhosted.org/packages/77/cc/70e59dcb84f2b005d4f306310ff0a892518cc0c8000a33d0e6faf7ca8d80/numpy-2.3.3-cp314-cp314-manylinux_2_27_x86_64.manylinux_2_28_x86_64.whl", hash = "sha256:ce020080e4a52426202bdb6f7691c65bb55e49f261f31a8f506c9f6bc7450421", size = 16638958, upload-time = "2025-09-09T15:58:02.738Z" },
    { url = "https://files.pythonhosted.org/packages/b6/5a/b2ab6c18b4257e099587d5b7f903317bd7115333ad8d4ec4874278eafa61/numpy-2.3.3-cp314-cp314-musllinux_1_2_aarch64.whl", hash = "sha256:e6687dc183aa55dae4a705b35f9c0f8cb178bcaa2f029b241ac5356221d5c021", size = 16071920, upload-time = "2025-09-09T15:58:05.029Z" },
    { url = "https://files.pythonhosted.org/packages/b8/f1/8b3fdc44324a259298520dd82147ff648979bed085feeacc1250ef1656c0/numpy-2.3.3-cp314-cp314-musllinux_1_2_x86_64.whl", hash = "sha256:d8f3b1080782469fdc1718c4ed1d22549b5fb12af0d57d35e992158a772a37cf", size = 18577076, upload-time = "2025-09-09T15:58:07.745Z" },
    { url = "https://files.pythonhosted.org/packages/f0/a1/b87a284fb15a42e9274e7fcea0dad259d12ddbf07c1595b26883151ca3b4/numpy-2.3.3-cp314-cp314-win32.whl", hash = "sha256:cb248499b0bc3be66ebd6578b83e5acacf1d6cb2a77f2248ce0e40fbec5a76d0", size = 6366952, upload-time = "2025-09-09T15:58:10.096Z" },
    { url = "https://files.pythonhosted.org/packages/70/5f/1816f4d08f3b8f66576d8433a66f8fa35a5acfb3bbd0bf6c31183b003f3d/numpy-2.3.3-cp314-cp314-win_amd64.whl", hash = "sha256:691808c2b26b0f002a032c73255d0bd89751425f379f7bcd22d140db593a96e8", size = 12919322, upload-time = "2025-09-09T15:58:12.138Z" },
    { url = "https://files.pythonhosted.org/packages/8c/de/072420342e46a8ea41c324a555fa90fcc11637583fb8df722936aed1736d/numpy-2.3.3-cp314-cp314-win_arm64.whl", hash = "sha256:9ad12e976ca7b10f1774b03615a2a4bab8addce37ecc77394d8e986927dc0dfe", size = 10478630, upload-time = "2025-09-09T15:58:14.64Z" },
    { url = "https://files.pythonhosted.org/packages/d5/df/ee2f1c0a9de7347f14da5dd3cd3c3b034d1b8607ccb6883d7dd5c035d631/numpy-2.3.3-cp314-cp314t-macosx_10_13_x86_64.whl", hash = "sha256:9cc48e09feb11e1db00b320e9d30a4151f7369afb96bd0e48d942d09da3a0d00", size = 21047987, upload-time = "2025-09-09T15:58:16.889Z" },
    { url = "https://files.pythonhosted.org/packages/d6/92/9453bdc5a4e9e69cf4358463f25e8260e2ffc126d52e10038b9077815989/numpy-2.3.3-cp314-cp314t-macosx_11_0_arm64.whl", hash = "sha256:901bf6123879b7f251d3631967fd574690734236075082078e0571977c6a8e6a", size = 14301076, upload-time = "2025-09-09T15:58:20.343Z" },
    { url = "https://files.pythonhosted.org/packages/13/77/1447b9eb500f028bb44253105bd67534af60499588a5149a94f18f2ca917/numpy-2.3.3-cp314-cp314t-macosx_14_0_arm64.whl", hash = "sha256:7f025652034199c301049296b59fa7d52c7e625017cae4c75d8662e377bf487d", size = 5229491, upload-time = "2025-09-09T15:58:22.481Z" },
    { url = "https://files.pythonhosted.org/packages/3d/f9/d72221b6ca205f9736cb4b2ce3b002f6e45cd67cd6a6d1c8af11a2f0b649/numpy-2.3.3-cp314-cp314t-macosx_14_0_x86_64.whl", hash = "sha256:533ca5f6d325c80b6007d4d7fb1984c303553534191024ec6a524a4c92a5935a", size = 6737913, upload-time = "2025-09-09T15:58:24.569Z" },
    { url = "https://files.pythonhosted.org/packages/3c/5f/d12834711962ad9c46af72f79bb31e73e416ee49d17f4c797f72c96b6ca5/numpy-2.3.3-cp314-cp314t-manylinux_2_27_aarch64.manylinux_2_28_aarch64.whl", hash = "sha256:0edd58682a399824633b66885d699d7de982800053acf20be1eaa46d92009c54", size = 14352811, upload-time = "2025-09-09T15:58:26.416Z" },
    { url = "https://files.pythonhosted.org/packages/a1/0d/fdbec6629d97fd1bebed56cd742884e4eead593611bbe1abc3eb40d304b2/numpy-2.3.3-cp314-cp314t-manylinux_2_27_x86_64.manylinux_2_28_x86_64.whl", hash = "sha256:367ad5d8fbec5d9296d18478804a530f1191e24ab4d75ab408346ae88045d25e", size = 16702689, upload-time = "2025-09-09T15:58:28.831Z" },
    { url = "https://files.pythonhosted.org/packages/9b/09/0a35196dc5575adde1eb97ddfbc3e1687a814f905377621d18ca9bc2b7dd/numpy-2.3.3-cp314-cp314t-musllinux_1_2_aarch64.whl", hash = "sha256:8f6ac61a217437946a1fa48d24c47c91a0c4f725237871117dea264982128097", size = 16133855, upload-time = "2025-09-09T15:58:31.349Z" },
    { url = "https://files.pythonhosted.org/packages/7a/ca/c9de3ea397d576f1b6753eaa906d4cdef1bf97589a6d9825a349b4729cc2/numpy-2.3.3-cp314-cp314t-musllinux_1_2_x86_64.whl", hash = "sha256:179a42101b845a816d464b6fe9a845dfaf308fdfc7925387195570789bb2c970", size = 18652520, upload-time = "2025-09-09T15:58:33.762Z" },
    { url = "https://files.pythonhosted.org/packages/fd/c2/e5ed830e08cd0196351db55db82f65bc0ab05da6ef2b72a836dcf1936d2f/numpy-2.3.3-cp314-cp314t-win32.whl", hash = "sha256:1250c5d3d2562ec4174bce2e3a1523041595f9b651065e4a4473f5f48a6bc8a5", size = 6515371, upload-time = "2025-09-09T15:58:36.04Z" },
    { url = "https://files.pythonhosted.org/packages/47/c7/b0f6b5b67f6788a0725f744496badbb604d226bf233ba716683ebb47b570/numpy-2.3.3-cp314-cp314t-win_amd64.whl", hash = "sha256:b37a0b2e5935409daebe82c1e42274d30d9dd355852529eab91dab8dcca7419f", size = 13112576, upload-time = "2025-09-09T15:58:37.927Z" },
    { url = "https://files.pythonhosted.org/packages/06/b9/33bba5ff6fb679aa0b1f8a07e853f002a6b04b9394db3069a1270a7784ca/numpy-2.3.3-cp314-cp314t-win_arm64.whl", hash = "sha256:78c9f6560dc7e6b3990e32df7ea1a50bbd0e2a111e05209963f5ddcab7073b0b", size = 10545953, upload-time = "2025-09-09T15:58:40.576Z" },
]

[[package]]
name = "prek"
version = "0.1.6"
source = { registry = "https://pypi.org/simple" }
sdist = { url = "https://files.pythonhosted.org/packages/77/29/99625bf6570b64b0d63f4ee6c3be939bbdaa64a842bab8e4e702a83f9946/prek-0.1.6.tar.gz", hash = "sha256:ceb193fa12235c448514e91c0d5ee94e47c48941cd20d7242c7a2031f9cc3b2e", size = 195662, upload-time = "2025-09-03T12:09:01.501Z" }
wheels = [
    { url = "https://files.pythonhosted.org/packages/c7/cb/46a7d29b5e250231afcf399c799cda9ead421712f9f343d26f2d43cf4d53/prek-0.1.6-py3-none-linux_armv6l.whl", hash = "sha256:cb06b7c1cb876382344995b19ce4df05d18bd9cc21b84905fae9953765f7fdfe", size = 5479888, upload-time = "2025-09-03T12:08:33.342Z" },
    { url = "https://files.pythonhosted.org/packages/5e/85/fcaa6fbb1a28e8df1b184f0a5a7d2fa529258f1ced83b5cea041f0ecb055/prek-0.1.6-py3-none-macosx_10_12_x86_64.whl", hash = "sha256:88ea43afd30f13c99ca6d493f0a277b0234a3411be1dacdf7a1e96d6e41bbfca", size = 5463396, upload-time = "2025-09-03T12:08:35.056Z" },
    { url = "https://files.pythonhosted.org/packages/52/1d/ce17324f500fdc78e5462a982806da253f641b07ffdf5ec7da2d8b316d94/prek-0.1.6-py3-none-macosx_11_0_arm64.whl", hash = "sha256:e446c91ce04126467753ff21dffc13c263689f2626251993feb32176f829cfdc", size = 5268164, upload-time = "2025-09-03T12:08:36.683Z" },
    { url = "https://files.pythonhosted.org/packages/ce/22/a9a063587d1b8b1f5298771f29da38e4b3138a8eb33801b58958c0c934ff/prek-0.1.6-py3-none-manylinux_2_17_aarch64.manylinux2014_aarch64.musllinux_1_1_aarch64.whl", hash = "sha256:49b7307f6795ba3a3b4b7f7d4821e168148854541786dfeaf481074f941858e0", size = 5647952, upload-time = "2025-09-03T12:08:38.124Z" },
    { url = "https://files.pythonhosted.org/packages/5d/10/0b00b92974ae5e03115382f1e20803baf2f5b799ae89768e8c3a406daa2e/prek-0.1.6-py3-none-manylinux_2_17_armv7l.manylinux2014_armv7l.whl", hash = "sha256:5880499d304eda6d9f099cba976b922fe3441040112fc868171e885c4e14f4c5", size = 5389501, upload-time = "2025-09-03T12:08:39.496Z" },
    { url = "https://files.pythonhosted.org/packages/04/ea/0a89b20b5d0d20841dcf52ff4d65a8be512013137830dd691ed0b27edb39/prek-0.1.6-py3-none-manylinux_2_17_i686.manylinux2014_i686.whl", hash = "sha256:2fb15e00613492073ce64c016768d30580839d62812623a70d9e870402603361", size = 6050426, upload-time = "2025-09-03T12:08:41.066Z" },
    { url = "https://files.pythonhosted.org/packages/5b/29/bd3c45199d7a5ab653990229c30a5e2b266c9a6732b7b6c8f057603bd2bd/prek-0.1.6-py3-none-manylinux_2_17_ppc64.manylinux2014_ppc64.whl", hash = "sha256:376c5c6fb5e9d7faa2ccea55e9791e8af8ceb96679aedb52363f48e879dc38fa", size = 6615182, upload-time = "2025-09-03T12:08:43.676Z" },
    { url = "https://files.pythonhosted.org/packages/12/ad/d49d061c8d829fe0bc47db0e1d483ed42430ec88ea71d3acfd3ea83690e8/prek-0.1.6-py3-none-manylinux_2_17_ppc64le.manylinux2014_ppc64le.whl", hash = "sha256:7d3b9ebbf8d3d275d30513e4477f19845434f519d2f0ef230bebbf9f4c0cb156", size = 6380740, upload-time = "2025-09-03T12:08:45.051Z" },
    { url = "https://files.pythonhosted.org/packages/11/c2/ed4feba7cd5f7426a1f68a997c487dea38eb6fabed86e18b5b007a1f695b/prek-0.1.6-py3-none-manylinux_2_17_s390x.manylinux2014_s390x.whl", hash = "sha256:38f318458673578cd4ca28079881d5d3b7e5630a4b6fa24ef97da2398d9eac95", size = 5842265, upload-time = "2025-09-03T12:08:46.416Z" },
    { url = "https://files.pythonhosted.org/packages/36/06/1925768b33e5e7b9fa039164dc44e43de47c0ecd548457a3d83453c7c201/prek-0.1.6-py3-none-manylinux_2_17_x86_64.manylinux2014_x86_64.whl", hash = "sha256:59d22a6f8a7908223bc9c5e1dda004ec9f7f24adef0f8747b9d09d63b206647d", size = 5822255, upload-time = "2025-09-03T12:08:47.987Z" },
    { url = "https://files.pythonhosted.org/packages/8b/41/c8d2682ccb5015eea10943802c341ffd808c1890c4030b7ef36f22120912/prek-0.1.6-py3-none-manylinux_2_28_aarch64.whl", hash = "sha256:3df1705d07c951da47105d9d13e985792094cd068841bc0b4a88001c65181a43", size = 5675825, upload-time = "2025-09-03T12:08:49.235Z" },
    { url = "https://files.pythonhosted.org/packages/53/02/7ace9dcf2b74f4423733a3c60dbc8b32b1205372bb39d141eb11cfe842ab/prek-0.1.6-py3-none-manylinux_2_31_riscv64.whl", hash = "sha256:09071cc2a4b5d30dbe369e9259378439d1fa1c03534e50afae9f94cbee4c567c", size = 5739031, upload-time = "2025-09-03T12:08:50.581Z" },
    { url = "https://files.pythonhosted.org/packages/09/85/dad0ef6fd9c3186a928ecbfc858e48fa11b6b7c1bb6b55c9cf29e406ddea/prek-0.1.6-py3-none-musllinux_1_1_armv7l.whl", hash = "sha256:26a184108ebe5e3db36bedac9d50d61c690207754aaf58205cd2afea93983509", size = 5408159, upload-time = "2025-09-03T12:08:52.137Z" },
    { url = "https://files.pythonhosted.org/packages/6c/70/6c66edc0b27780927bd5e8729f382c5a1ba87d68c30ffc1b7058c81c2730/prek-0.1.6-py3-none-musllinux_1_1_i686.whl", hash = "sha256:59f3f9606d7a065b520fc06d54cf09f27d627afcfd1222206947119d2c3337bf", size = 5758070, upload-time = "2025-09-03T12:08:53.66Z" },
    { url = "https://files.pythonhosted.org/packages/6f/f4/166071db1e3eb5a18c3b2c41a73b664c7e16bf0ef6d8d819d15756046359/prek-0.1.6-py3-none-musllinux_1_1_x86_64.whl", hash = "sha256:0a31c0fe23d5bc0eabd2222cdd2efb085cf306422d594433e20fd13606919c1a", size = 5905007, upload-time = "2025-09-03T12:08:55.415Z" },
    { url = "https://files.pythonhosted.org/packages/8f/c3/cdeb71b0e3bb4788482548bd1b3f2c080e2a3f8fbe043f1da68e8f92951e/prek-0.1.6-py3-none-win32.whl", hash = "sha256:61ec7db7dadd70ea5ac4a06145598cd88d4518278e0addfed49f5fec92fd3c3d", size = 4233887, upload-time = "2025-09-03T12:08:56.634Z" },
    { url = "https://files.pythonhosted.org/packages/e7/f5/31e515cc9c7cbfbc4af122b77fa7457efaacf2d6c6fc17ca9bcb47155b98/prek-0.1.6-py3-none-win_amd64.whl", hash = "sha256:ab80c81dac48ec53fe8670273248b7044e18bc2012b07241dbcada14b8a057fd", size = 4741942, upload-time = "2025-09-03T12:08:58.717Z" },
    { url = "https://files.pythonhosted.org/packages/e3/18/c52d5ae8235710688a561140884166265787670801ae30e1a691cbec163f/prek-0.1.6-py3-none-win_arm64.whl", hash = "sha256:424fdb239204e48724cc3c9690493bebac0e8c071d79fa6e0204573c36f42425", size = 4500561, upload-time = "2025-09-03T12:09:00.333Z" },
]
